
Microsoft Visual Studio Solution File, Format Version 12.00
# Visual Studio 15
VisualStudioVersion = 15.0.28010.2026
MinimumVisualStudioVersion = 10.0.40219.1
Project("{9A19103F-16F7-4668-BE54-9A1E7A4F7556}") = "WeatherLambda", "WeatherLambda\WeatherLambda.csproj", "{99E45BB7-093E-4EC7-8E1E-8FBD82885F09}"
EndProject
Project("{FAE04EC0-301F-11D3-BF4B-00C04F79EFBC}") = "WeatherLibrary", "WeatherLibrary\WeatherLibrary.csproj", "{A776A423-07A5-4F6D-B936-4EBD00DF05D8}"
EndProject
Project("{FAE04EC0-301F-11D3-BF4B-00C04F79EFBC}") = "WeatherForm", "WeatherForm\WeatherForm.csproj", "{046F7AA3-244B-414F-AB38-ED32AE713350}"
EndProject
Global
	GlobalSection(SolutionConfigurationPlatforms) = preSolution
		Debug|Any CPU = Debug|Any CPU
		Release|Any CPU = Release|Any CPU
	EndGlobalSection
	GlobalSection(ProjectConfigurationPlatforms) = postSolution
		{99E45BB7-093E-4EC7-8E1E-8FBD82885F09}.Debug|Any CPU.ActiveCfg = Debug|Any CPU
		{99E45BB7-093E-4EC7-8E1E-8FBD82885F09}.Debug|Any CPU.Build.0 = Debug|Any CPU
		{99E45BB7-093E-4EC7-8E1E-8FBD82885F09}.Release|Any CPU.ActiveCfg = Release|Any CPU
		{99E45BB7-093E-4EC7-8E1E-8FBD82885F09}.Release|Any CPU.Build.0 = Release|Any CPU
		{A776A423-07A5-4F6D-B936-4EBD00DF05D8}.Debug|Any CPU.ActiveCfg = Debug|Any CPU
		{A776A423-07A5-4F6D-B936-4EBD00DF05D8}.Debug|Any CPU.Build.0 = Debug|Any CPU
		{A776A423-07A5-4F6D-B936-4EBD00DF05D8}.Release|Any CPU.ActiveCfg = Release|Any CPU
		{A776A423-07A5-4F6D-B936-4EBD00DF05D8}.Release|Any CPU.Build.0 = Release|Any CPU
		{046F7AA3-244B-414F-AB38-ED32AE713350}.Debug|Any CPU.ActiveCfg = Debug|Any CPU
		{046F7AA3-244B-414F-AB38-ED32AE713350}.Debug|Any CPU.Build.0 = Debug|Any CPU
		{046F7AA3-244B-414F-AB38-ED32AE713350}.Release|Any CPU.ActiveCfg = Release|Any CPU
		{046F7AA3-244B-414F-AB38-ED32AE713350}.Release|Any CPU.Build.0 = Release|Any CPU
	EndGlobalSection
	GlobalSection(SolutionProperties) = preSolution
		HideSolutionNode = FALSE
	EndGlobalSection
	GlobalSection(ExtensibilityGlobals) = postSolution
		SolutionGuid = {8CADFA67-6AC4-4AAF-B9AE-048FC5776955}
	EndGlobalSection
EndGlobal
